
Microsoft Visual Studio Solution File, Format Version 12.00
# Visual Studio Version 17
VisualStudioVersion = 17.0.31903.59
MinimumVisualStudioVersion = 10.0.40219.1
Project("{2150E333-8FDC-42A3-9474-1A3956D46DE8}") = "src", "src", "{37F2C39B-AA24-4598-8350-D309C4C6822D}"
EndProject
Project("{FAE04EC0-301F-11D3-BF4B-00C04F79EFBC}") = "BelajarGithubAPI", "src\BelajarGithubAPI\BelajarGithubAPI.csproj", "{D1C11A99-3998-4D79-B732-5952AEBF1A40}"
EndProject
Global
	GlobalSection(SolutionConfigurationPlatforms) = preSolution
		Debug|Any CPU = Debug|Any CPU
		Release|Any CPU = Release|Any CPU
	EndGlobalSection
	GlobalSection(SolutionProperties) = preSolution
		HideSolutionNode = FALSE
	EndGlobalSection
	GlobalSection(ProjectConfigurationPlatforms) = postSolution
		{D1C11A99-3998-4D79-B732-5952AEBF1A40}.Debug|Any CPU.ActiveCfg = Debug|Any CPU
		{D1C11A99-3998-4D79-B732-5952AEBF1A40}.Debug|Any CPU.Build.0 = Debug|Any CPU
		{D1C11A99-3998-4D79-B732-5952AEBF1A40}.Release|Any CPU.ActiveCfg = Release|Any CPU
		{D1C11A99-3998-4D79-B732-5952AEBF1A40}.Release|Any CPU.Build.0 = Release|Any CPU
	EndGlobalSection
	GlobalSection(NestedProjects) = preSolution
		{D1C11A99-3998-4D79-B732-5952AEBF1A40} = {37F2C39B-AA24-4598-8350-D309C4C6822D}
	EndGlobalSection
EndGlobal
